
Microsoft Visual Studio Solution File, Format Version 12.00
# Visual Studio Version 17
VisualStudioVersion = 17.8.34330.188
MinimumVisualStudioVersion = 10.0.40219.1
Project("{2150E333-8FDC-42A3-9474-1A3956D46DE8}") = "01-Core", "01-Core", "{190CAA5C-1A5A-4399-A8A0-B63A968B44CC}"
EndProject
Project("{2150E333-8FDC-42A3-9474-1A3956D46DE8}") = "02-infra", "02-infra", "{BAF53CE6-5C42-4045-87AF-69F3517EB990}"
EndProject
Project("{2150E333-8FDC-42A3-9474-1A3956D46DE8}") = "03-Api", "03-Api", "{9E194015-9F86-4DBE-B4DC-36F0A8040B5B}"
EndProject
Project("{FAE04EC0-301F-11D3-BF4B-00C04F79EFBC}") = "Rent.Domain", "Rent.Domain\Rent.Domain.csproj", "{5C088C82-7B20-4ED5-9D32-2ACBCE2FD1D9}"
EndProject
Project("{FAE04EC0-301F-11D3-BF4B-00C04F79EFBC}") = "Rent.Application", "Rent.Application\Rent.Application.csproj", "{B3F25C78-171C-4FF0-9808-B20A5C5D5402}"
EndProject
Project("{FAE04EC0-301F-11D3-BF4B-00C04F79EFBC}") = "Rent.Infra.Data", "Rent.Infra.Data\Rent.Infra.Data.csproj", "{1D6FA560-CA11-4783-ACE1-E540DFF4296D}"
EndProject
Project("{FAE04EC0-301F-11D3-BF4B-00C04F79EFBC}") = "Rent.Infra.IoC", "Rent.Infra.IoC\Rent.Infra.IoC.csproj", "{45F54CB3-ACA2-46A9-8F89-5890E470494C}"
EndProject
Project("{FAE04EC0-301F-11D3-BF4B-00C04F79EFBC}") = "Rent.API", "Rent.API\Rent.API.csproj", "{A9B38F63-11AA-446F-864A-EA0755E6ED82}"
EndProject
Global
	GlobalSection(SolutionConfigurationPlatforms) = preSolution
		Debug|Any CPU = Debug|Any CPU
		Release|Any CPU = Release|Any CPU
	EndGlobalSection
	GlobalSection(ProjectConfigurationPlatforms) = postSolution
		{5C088C82-7B20-4ED5-9D32-2ACBCE2FD1D9}.Debug|Any CPU.ActiveCfg = Debug|Any CPU
		{5C088C82-7B20-4ED5-9D32-2ACBCE2FD1D9}.Debug|Any CPU.Build.0 = Debug|Any CPU
		{5C088C82-7B20-4ED5-9D32-2ACBCE2FD1D9}.Release|Any CPU.ActiveCfg = Release|Any CPU
		{5C088C82-7B20-4ED5-9D32-2ACBCE2FD1D9}.Release|Any CPU.Build.0 = Release|Any CPU
		{B3F25C78-171C-4FF0-9808-B20A5C5D5402}.Debug|Any CPU.ActiveCfg = Debug|Any CPU
		{B3F25C78-171C-4FF0-9808-B20A5C5D5402}.Debug|Any CPU.Build.0 = Debug|Any CPU
		{B3F25C78-171C-4FF0-9808-B20A5C5D5402}.Release|Any CPU.ActiveCfg = Release|Any CPU
		{B3F25C78-171C-4FF0-9808-B20A5C5D5402}.Release|Any CPU.Build.0 = Release|Any CPU
		{1D6FA560-CA11-4783-ACE1-E540DFF4296D}.Debug|Any CPU.ActiveCfg = Debug|Any CPU
		{1D6FA560-CA11-4783-ACE1-E540DFF4296D}.Debug|Any CPU.Build.0 = Debug|Any CPU
		{1D6FA560-CA11-4783-ACE1-E540DFF4296D}.Release|Any CPU.ActiveCfg = Release|Any CPU
		{1D6FA560-CA11-4783-ACE1-E540DFF4296D}.Release|Any CPU.Build.0 = Release|Any CPU
		{45F54CB3-ACA2-46A9-8F89-5890E470494C}.Debug|Any CPU.ActiveCfg = Debug|Any CPU
		{45F54CB3-ACA2-46A9-8F89-5890E470494C}.Debug|Any CPU.Build.0 = Debug|Any CPU
		{45F54CB3-ACA2-46A9-8F89-5890E470494C}.Release|Any CPU.ActiveCfg = Release|Any CPU
		{45F54CB3-ACA2-46A9-8F89-5890E470494C}.Release|Any CPU.Build.0 = Release|Any CPU
		{A9B38F63-11AA-446F-864A-EA0755E6ED82}.Debug|Any CPU.ActiveCfg = Debug|Any CPU
		{A9B38F63-11AA-446F-864A-EA0755E6ED82}.Debug|Any CPU.Build.0 = Debug|Any CPU
		{A9B38F63-11AA-446F-864A-EA0755E6ED82}.Release|Any CPU.ActiveCfg = Release|Any CPU
		{A9B38F63-11AA-446F-864A-EA0755E6ED82}.Release|Any CPU.Build.0 = Release|Any CPU
	EndGlobalSection
	GlobalSection(SolutionProperties) = preSolution
		HideSolutionNode = FALSE
	EndGlobalSection
	GlobalSection(NestedProjects) = preSolution
		{5C088C82-7B20-4ED5-9D32-2ACBCE2FD1D9} = {190CAA5C-1A5A-4399-A8A0-B63A968B44CC}
		{B3F25C78-171C-4FF0-9808-B20A5C5D5402} = {190CAA5C-1A5A-4399-A8A0-B63A968B44CC}
		{1D6FA560-CA11-4783-ACE1-E540DFF4296D} = {BAF53CE6-5C42-4045-87AF-69F3517EB990}
		{45F54CB3-ACA2-46A9-8F89-5890E470494C} = {BAF53CE6-5C42-4045-87AF-69F3517EB990}
		{A9B38F63-11AA-446F-864A-EA0755E6ED82} = {9E194015-9F86-4DBE-B4DC-36F0A8040B5B}
	EndGlobalSection
	GlobalSection(ExtensibilityGlobals) = postSolution
		SolutionGuid = {06CB2328-C37A-439F-AD50-DDA757F2198C}
	EndGlobalSection
EndGlobal
